
Microsoft Visual Studio Solution File, Format Version 12.00
# Visual Studio Version 17
VisualStudioVersion = 17.5.33516.290
MinimumVisualStudioVersion = 10.0.40219.1
Project("{FAE04EC0-301F-11D3-BF4B-00C04F79EFBC}") = "POO-lista2-exercicio9", "POO-lista2-exercicio9\POO-lista2-exercicio9.csproj", "{12EF87FC-0E58-48BC-872E-CC54A76597FD}"
EndProject
Global
	GlobalSection(SolutionConfigurationPlatforms) = preSolution
		Debug|Any CPU = Debug|Any CPU
		Release|Any CPU = Release|Any CPU
	EndGlobalSection
	GlobalSection(ProjectConfigurationPlatforms) = postSolution
		{12EF87FC-0E58-48BC-872E-CC54A76597FD}.Debug|Any CPU.ActiveCfg = Debug|Any CPU
		{12EF87FC-0E58-48BC-872E-CC54A76597FD}.Debug|Any CPU.Build.0 = Debug|Any CPU
		{12EF87FC-0E58-48BC-872E-CC54A76597FD}.Release|Any CPU.ActiveCfg = Release|Any CPU
		{12EF87FC-0E58-48BC-872E-CC54A76597FD}.Release|Any CPU.Build.0 = Release|Any CPU
	EndGlobalSection
	GlobalSection(SolutionProperties) = preSolution
		HideSolutionNode = FALSE
	EndGlobalSection
	GlobalSection(ExtensibilityGlobals) = postSolution
		SolutionGuid = {CDD84146-F0B6-49BA-9340-DF3981C7CF52}
	EndGlobalSection
EndGlobal
