
Microsoft Visual Studio Solution File, Format Version 12.00
# Visual Studio Version 17
VisualStudioVersion = 17.5.33516.290
MinimumVisualStudioVersion = 10.0.40219.1
Project("{FAE04EC0-301F-11D3-BF4B-00C04F79EFBC}") = "POO-lista2-exercicio7", "POO-lista2-exercicio7\POO-lista2-exercicio7.csproj", "{586976CC-4FFB-4A4E-8DE1-896D2D85CB5D}"
EndProject
Global
	GlobalSection(SolutionConfigurationPlatforms) = preSolution
		Debug|Any CPU = Debug|Any CPU
		Release|Any CPU = Release|Any CPU
	EndGlobalSection
	GlobalSection(ProjectConfigurationPlatforms) = postSolution
		{586976CC-4FFB-4A4E-8DE1-896D2D85CB5D}.Debug|Any CPU.ActiveCfg = Debug|Any CPU
		{586976CC-4FFB-4A4E-8DE1-896D2D85CB5D}.Debug|Any CPU.Build.0 = Debug|Any CPU
		{586976CC-4FFB-4A4E-8DE1-896D2D85CB5D}.Release|Any CPU.ActiveCfg = Release|Any CPU
		{586976CC-4FFB-4A4E-8DE1-896D2D85CB5D}.Release|Any CPU.Build.0 = Release|Any CPU
	EndGlobalSection
	GlobalSection(SolutionProperties) = preSolution
		HideSolutionNode = FALSE
	EndGlobalSection
	GlobalSection(ExtensibilityGlobals) = postSolution
		SolutionGuid = {98B6807A-0101-4722-B427-06AAA4CD1D11}
	EndGlobalSection
EndGlobal
