
Microsoft Visual Studio Solution File, Format Version 12.00
# Visual Studio Version 17
VisualStudioVersion = 17.7.34024.191
MinimumVisualStudioVersion = 10.0.40219.1
Project("{FAE04EC0-301F-11D3-BF4B-00C04F79EFBC}") = "POO-lista6-exercicio2", "POO-lista6-exercicio2\POO-lista6-exercicio2.csproj", "{4E5D59B9-006B-4682-9EFD-20102D82D1A0}"
EndProject
Global
	GlobalSection(SolutionConfigurationPlatforms) = preSolution
		Debug|Any CPU = Debug|Any CPU
		Release|Any CPU = Release|Any CPU
	EndGlobalSection
	GlobalSection(ProjectConfigurationPlatforms) = postSolution
		{4E5D59B9-006B-4682-9EFD-20102D82D1A0}.Debug|Any CPU.ActiveCfg = Debug|Any CPU
		{4E5D59B9-006B-4682-9EFD-20102D82D1A0}.Debug|Any CPU.Build.0 = Debug|Any CPU
		{4E5D59B9-006B-4682-9EFD-20102D82D1A0}.Release|Any CPU.ActiveCfg = Release|Any CPU
		{4E5D59B9-006B-4682-9EFD-20102D82D1A0}.Release|Any CPU.Build.0 = Release|Any CPU
	EndGlobalSection
	GlobalSection(SolutionProperties) = preSolution
		HideSolutionNode = FALSE
	EndGlobalSection
	GlobalSection(ExtensibilityGlobals) = postSolution
		SolutionGuid = {A4758840-F299-44BB-8099-ED108B6049D9}
	EndGlobalSection
EndGlobal
