
Microsoft Visual Studio Solution File, Format Version 12.00
# Visual Studio Version 17
VisualStudioVersion = 17.5.33516.290
MinimumVisualStudioVersion = 10.0.40219.1
Project("{FAE04EC0-301F-11D3-BF4B-00C04F79EFBC}") = "desafio2-forms", "desafio2-forms\desafio2-forms.csproj", "{AF63B1A8-93BD-4BEA-997B-88937CD059CE}"
EndProject
Global
	GlobalSection(SolutionConfigurationPlatforms) = preSolution
		Debug|Any CPU = Debug|Any CPU
		Release|Any CPU = Release|Any CPU
	EndGlobalSection
	GlobalSection(ProjectConfigurationPlatforms) = postSolution
		{AF63B1A8-93BD-4BEA-997B-88937CD059CE}.Debug|Any CPU.ActiveCfg = Debug|Any CPU
		{AF63B1A8-93BD-4BEA-997B-88937CD059CE}.Debug|Any CPU.Build.0 = Debug|Any CPU
		{AF63B1A8-93BD-4BEA-997B-88937CD059CE}.Release|Any CPU.ActiveCfg = Release|Any CPU
		{AF63B1A8-93BD-4BEA-997B-88937CD059CE}.Release|Any CPU.Build.0 = Release|Any CPU
	EndGlobalSection
	GlobalSection(SolutionProperties) = preSolution
		HideSolutionNode = FALSE
	EndGlobalSection
	GlobalSection(ExtensibilityGlobals) = postSolution
		SolutionGuid = {4C5E26A9-9745-4652-9D34-9420A0E05023}
	EndGlobalSection
EndGlobal
